<?xml version="1.0" encoding="utf-8"?>
<Project ToolsVersion="4.0" xmlns="http://schemas.microsoft.com/developer/msbuild/2003">
  <ItemGroup>
    <Filter Include="Source Files">
      <UniqueIdentifier>{4FC737F1-C7A5-4376-A066-2A32D752A2FF}</UniqueIdentifier>
      <Extensions>cpp;c;cc;cxx;c++;cppm;ixx;def;odl;idl;hpj;bat;asm;asmx</Extensions>
    </Filter>
    <Filter Include="Header Files">
      <UniqueIdentifier>{93995380-89BD-4b04-88EB-625FBE52EBFB}</UniqueIdentifier>
      <Extensions>h;hh;hpp;hxx;h++;hm;inl;inc;ipp;xsd</Extensions>
    </Filter>
    <Filter Include="Resource Files">
      <UniqueIdentifier>{67DA6AB6-F800-4c08-8B7A-83BB121AAD01}</UniqueIdentifier>
      <Extensions>rc;ico;cur;bmp;dlg;rc2;rct;bin;rgs;gif;jpg;jpeg;jpe;resx;tiff;tif;png;wav;mfcribbon-ms</Extensions>
    </Filter>
  </ItemGroup>
  <ItemGroup>
    <ClInclude Include="Submarine.h">
      <Filter>Header Files</Filter>
    </ClInclude>
    <ClInclude Include="SubmarineComponent.h">
      <Filter>Header Files</Filter>
    </ClInclude>
    <ClInclude Include="SubmarineComponentFactory.h">
      <Filter>Header Files</Filter>
    </ClInclude>
    <ClInclude Include="Country.h">
      <Filter>Header Files</Filter>
    </ClInclude>
    <ClInclude Include="Game.h">
      <Filter>Header Files</Filter>
    </ClInclude>
    <ClInclude Include="SubmarineMemento.h">
      <Filter>Header Files</Filter>
    </ClInclude>
    <ClInclude Include="Combat.h">
      <Filter>Header Files</Filter>
    </ClInclude>
    <ClInclude Include="Sonar.h">
      <Filter>Header Files</Filter>
    </ClInclude>
    <ClInclude Include="SubmarineHelper.h">
      <Filter>Header Files</Filter>
    </ClInclude>
    <ClInclude Include="Upgrade.h">
      <Filter>Header Files</Filter>
    </ClInclude>
    <ClInclude Include="Espionage.h">
      <Filter>Header Files</Filter>
    </ClInclude>
    <ClInclude Include="Diplomacy.h">
      <Filter>Header Files</Filter>
    </ClInclude>
    <ClInclude Include="Crew.h">
      <Filter>Header Files</Filter>
    </ClInclude>
    <ClInclude Include="NavalBase.h">
      <Filter>Header Files</Filter>
    </ClInclude>
    <ClInclude Include="InternationalOrganization.h">
      <Filter>Header Files</Filter>
    </ClInclude>
    <ClInclude Include="Event.h">
      <Filter>Header Files</Filter>
    </ClInclude>
    <ClInclude Include="ProductionFacility.h">
      <Filter>Header Files</Filter>
    </ClInclude>
    <ClInclude Include="Market.h">
      <Filter>Header Files</Filter>
    </ClInclude>
    <ClInclude Include="Treaty.h">
      <Filter>Header Files</Filter>
    </ClInclude>
    <ClInclude Include="PropulsionSystem.h">
      <Filter>Header Files</Filter>
    </ClInclude>
    <ClInclude Include="ConcreteSubmarineComponent.h">
      <Filter>Header Files</Filter>
    </ClInclude>
    <ClInclude Include="SonarComponent.h">
      <Filter>Header Files</Filter>
    </ClInclude>
    <ClInclude Include="PropulsionComponent.h">
      <Filter>Header Files</Filter>
    </ClInclude>
    <ClInclude Include="TorpedoComponent.h">
      <Filter>Header Files</Filter>
    </ClInclude>
    <ClInclude Include="GameLogic.h">
      <Filter>Header Files</Filter>
    </ClInclude>
    <ClInclude Include="UI.h">
      <Filter>Header Files</Filter>
    </ClInclude>
    <ClInclude Include="SubmarineAction.h">
      <Filter>Header Files</Filter>
    </ClInclude>
    <ClInclude Include="ResourceLoader.h">
      <Filter>Header Files</Filter>
    </ClInclude>
  </ItemGroup>
  <ItemGroup>
    <ClCompile Include="Submarine.cpp">
      <Filter>Source Files</Filter>
    </ClCompile>
    <ClCompile Include="SubmarineComponent.cpp">
      <Filter>Source Files</Filter>
    </ClCompile>
    <ClCompile Include="SubmarineComponentFactory.cpp">
      <Filter>Source Files</Filter>
    </ClCompile>
    <ClCompile Include="Country.cpp">
      <Filter>Source Files</Filter>
    </ClCompile>
    <ClCompile Include="Game.cpp">
      <Filter>Source Files</Filter>
    </ClCompile>
    <ClCompile Include="SubmarineMemento.cpp">
      <Filter>Source Files</Filter>
    </ClCompile>
    <ClCompile Include="Combat.cpp">
      <Filter>Source Files</Filter>
    </ClCompile>
    <ClCompile Include="Sonar.cpp">
      <Filter>Source Files</Filter>
    </ClCompile>
    <ClCompile Include="SubmarineHelper.cpp">
      <Filter>Source Files</Filter>
    </ClCompile>
    <ClCompile Include="Upgrade.cpp">
      <Filter>Source Files</Filter>
    </ClCompile>
    <ClCompile Include="Espionage.cpp">
      <Filter>Source Files</Filter>
    </ClCompile>
    <ClCompile Include="Diplomacy.cpp">
      <Filter>Source Files</Filter>
    </ClCompile>
    <ClCompile Include="Crew.cpp">
      <Filter>Source Files</Filter>
    </ClCompile>
    <ClCompile Include="NavalBase.cpp">
      <Filter>Source Files</Filter>
    </ClCompile>
    <ClCompile Include="InternationalOrganization.cpp">
      <Filter>Source Files</Filter>
    </ClCompile>
    <ClCompile Include="Event.cpp">
      <Filter>Source Files</Filter>
    </ClCompile>
    <ClCompile Include="ProductionFacility.cpp">
      <Filter>Source Files</Filter>
    </ClCompile>
    <ClCompile Include="Market.cpp">
      <Filter>Source Files</Filter>
    </ClCompile>
    <ClCompile Include="Treaty.cpp">
      <Filter>Source Files</Filter>
    </ClCompile>
    <ClCompile Include="PropulsionSystem.cpp">
      <Filter>Source Files</Filter>
    </ClCompile>
    <ClCompile Include="ConcreteSubmarineComponent.cpp">
      <Filter>Source Files</Filter>
    </ClCompile>
    <ClCompile Include="SonarComponent.cpp">
      <Filter>Source Files</Filter>
    </ClCompile>
    <ClCompile Include="PropulsionComponent.cpp">
      <Filter>Source Files</Filter>
    </ClCompile>
    <ClCompile Include="TorpedoComponent.cpp">
      <Filter>Source Files</Filter>
    </ClCompile>
    <ClCompile Include="GameLogic.cpp">
      <Filter>Source Files</Filter>
    </ClCompile>
    <ClCompile Include="UI.cpp">
      <Filter>Source Files</Filter>
    </ClCompile>
    <ClCompile Include="SubmarineAction.cpp">
      <Filter>Source Files</Filter>
    </ClCompile>
    <ClCompile Include="ResourceLoader.cpp">
      <Filter>Source Files</Filter>
    </ClCompile>
  </ItemGroup>
</Project>